
Microsoft Visual Studio Solution File, Format Version 12.00
# Visual Studio Version 17
VisualStudioVersion = 17.6.33815.320
MinimumVisualStudioVersion = 10.0.40219.1
Project("{FAE04EC0-301F-11D3-BF4B-00C04F79EFBC}") = "EmployeesMVC", "EmployeesMVC.csproj", "{175591F6-16C9-42C4-AF19-BE6AD511F009}"
EndProject
Global
	GlobalSection(SolutionConfigurationPlatforms) = preSolution
		Debug|Any CPU = Debug|Any CPU
		Release|Any CPU = Release|Any CPU
	EndGlobalSection
	GlobalSection(ProjectConfigurationPlatforms) = postSolution
		{175591F6-16C9-42C4-AF19-BE6AD511F009}.Debug|Any CPU.ActiveCfg = Debug|Any CPU
		{175591F6-16C9-42C4-AF19-BE6AD511F009}.Debug|Any CPU.Build.0 = Debug|Any CPU
		{175591F6-16C9-42C4-AF19-BE6AD511F009}.Release|Any CPU.ActiveCfg = Release|Any CPU
		{175591F6-16C9-42C4-AF19-BE6AD511F009}.Release|Any CPU.Build.0 = Release|Any CPU
	EndGlobalSection
	GlobalSection(SolutionProperties) = preSolution
		HideSolutionNode = FALSE
	EndGlobalSection
	GlobalSection(ExtensibilityGlobals) = postSolution
		SolutionGuid = {E7D5C572-2F4A-40AE-A50F-9A5F0FE1B9DB}
	EndGlobalSection
EndGlobal
