
Microsoft Visual Studio Solution File, Format Version 12.00
# Visual Studio Version 17
VisualStudioVersion = 17.6.33815.320
MinimumVisualStudioVersion = 10.0.40219.1
Project("{FAE04EC0-301F-11D3-BF4B-00C04F79EFBC}") = "EmployeeCRUD", "EmployeeCRUD.csproj", "{4B641252-00C9-458E-935F-B31DEF2BCEEE}"
EndProject
Project("{2150E333-8FDC-42A3-9474-1A3956D46DE8}") = "Solution Items", "Solution Items", "{E102D868-B549-4C87-8549-F1EE8917D0D4}"
	ProjectSection(SolutionItems) = preProject
		.editorconfig = .editorconfig
	EndProjectSection
EndProject
Global
	GlobalSection(SolutionConfigurationPlatforms) = preSolution
		Debug|Any CPU = Debug|Any CPU
		Release|Any CPU = Release|Any CPU
	EndGlobalSection
	GlobalSection(ProjectConfigurationPlatforms) = postSolution
		{4B641252-00C9-458E-935F-B31DEF2BCEEE}.Debug|Any CPU.ActiveCfg = Debug|Any CPU
		{4B641252-00C9-458E-935F-B31DEF2BCEEE}.Debug|Any CPU.Build.0 = Debug|Any CPU
		{4B641252-00C9-458E-935F-B31DEF2BCEEE}.Release|Any CPU.ActiveCfg = Release|Any CPU
		{4B641252-00C9-458E-935F-B31DEF2BCEEE}.Release|Any CPU.Build.0 = Release|Any CPU
	EndGlobalSection
	GlobalSection(SolutionProperties) = preSolution
		HideSolutionNode = FALSE
	EndGlobalSection
	GlobalSection(ExtensibilityGlobals) = postSolution
		SolutionGuid = {456A2C74-D73C-4715-B2F7-716319D9E143}
	EndGlobalSection
EndGlobal
