
Microsoft Visual Studio Solution File, Format Version 12.00
# Visual Studio Version 17
VisualStudioVersion = 17.6.33815.320
MinimumVisualStudioVersion = 10.0.40219.1
Project("{FAE04EC0-301F-11D3-BF4B-00C04F79EFBC}") = "collectionAssignment", "collectionAssignment.csproj", "{00C6C20D-17FC-4DED-9A66-B38A8208EF97}"
EndProject
Global
	GlobalSection(SolutionConfigurationPlatforms) = preSolution
		Debug|Any CPU = Debug|Any CPU
		Release|Any CPU = Release|Any CPU
	EndGlobalSection
	GlobalSection(ProjectConfigurationPlatforms) = postSolution
		{00C6C20D-17FC-4DED-9A66-B38A8208EF97}.Debug|Any CPU.ActiveCfg = Debug|Any CPU
		{00C6C20D-17FC-4DED-9A66-B38A8208EF97}.Debug|Any CPU.Build.0 = Debug|Any CPU
		{00C6C20D-17FC-4DED-9A66-B38A8208EF97}.Release|Any CPU.ActiveCfg = Release|Any CPU
		{00C6C20D-17FC-4DED-9A66-B38A8208EF97}.Release|Any CPU.Build.0 = Release|Any CPU
	EndGlobalSection
	GlobalSection(SolutionProperties) = preSolution
		HideSolutionNode = FALSE
	EndGlobalSection
	GlobalSection(ExtensibilityGlobals) = postSolution
		SolutionGuid = {229113EA-59A7-4F07-9A46-B069A9A61428}
	EndGlobalSection
EndGlobal
